// !$*UTF8*$!
{
	archiveVersion = 1;
	classes = {
	};
	objectVersion = 52;
	objects = {

/* Begin PBXBuildFile section */
		020A5B3A234021F1003692A6 /* Colors.xcassets in Resources */ = {isa = PBXBuildFile; fileRef = 020A5B39234021F1003692A6 /* Colors.xcassets */; };
		020A5B3C234025DC003692A6 /* Colors.swift in Sources */ = {isa = PBXBuildFile; fileRef = 020A5B3B234025DC003692A6 /* Colors.swift */; };
		020A5B4223407327003692A6 /* AdditionalFeedViewController.swift in Sources */ = {isa = PBXBuildFile; fileRef = 020A5B4023407327003692A6 /* AdditionalFeedViewController.swift */; };
		020A5B4323407327003692A6 /* AdditionalFeedViewController.xib in Resources */ = {isa = PBXBuildFile; fileRef = 020A5B4123407327003692A6 /* AdditionalFeedViewController.xib */; };
		020A5B4523407D33003692A6 /* AdditionalFeedRouter.swift in Sources */ = {isa = PBXBuildFile; fileRef = 020A5B4423407D33003692A6 /* AdditionalFeedRouter.swift */; };
		020A5B47234081F5003692A6 /* AdditionalFeedPresenter.swift in Sources */ = {isa = PBXBuildFile; fileRef = 020A5B46234081F5003692A6 /* AdditionalFeedPresenter.swift */; };
		020A5B4E2340891F003692A6 /* Strings.swift in Sources */ = {isa = PBXBuildFile; fileRef = 020A5B4D2340891F003692A6 /* Strings.swift */; };
		020A5B5023408C96003692A6 /* Strings.strings in Resources */ = {isa = PBXBuildFile; fileRef = 020A5B4F23408C96003692A6 /* Strings.strings */; };
		020A5B562340B82E003692A6 /* AdditionalFeedInteractor.swift in Sources */ = {isa = PBXBuildFile; fileRef = 020A5B552340B82E003692A6 /* AdditionalFeedInteractor.swift */; };
		020A5B682340F3E9003692A6 /* AdditionalFeedConfirmViewController.swift in Sources */ = {isa = PBXBuildFile; fileRef = 020A5B662340F3E9003692A6 /* AdditionalFeedConfirmViewController.swift */; };
		020A5B692340F3E9003692A6 /* AdditionalFeedConfirmViewController.xib in Resources */ = {isa = PBXBuildFile; fileRef = 020A5B672340F3E9003692A6 /* AdditionalFeedConfirmViewController.xib */; };
		020A5B6B234226A4003692A6 /* AdditionalFeedConfirmRouter.swift in Sources */ = {isa = PBXBuildFile; fileRef = 020A5B6A234226A4003692A6 /* AdditionalFeedConfirmRouter.swift */; };
		020A5B6D234227BD003692A6 /* AdditionalFeedConfirmPresenter.swift in Sources */ = {isa = PBXBuildFile; fileRef = 020A5B6C234227BD003692A6 /* AdditionalFeedConfirmPresenter.swift */; };
		020A5B6F23422958003692A6 /* AdditionalFeedConfirmInteractor.swift in Sources */ = {isa = PBXBuildFile; fileRef = 020A5B6E23422958003692A6 /* AdditionalFeedConfirmInteractor.swift */; };
		021B96FF2351D89E00E59F3F /* SomariFoundation.framework in Frameworks */ = {isa = PBXBuildFile; fileRef = 021B96FE2351D89E00E59F3F /* SomariFoundation.framework */; };
		021B97002351D89E00E59F3F /* SomariFoundation.framework in Embed Frameworks */ = {isa = PBXBuildFile; fileRef = 021B96FE2351D89E00E59F3F /* SomariFoundation.framework */; settings = {ATTRIBUTES = (CodeSignOnCopy, RemoveHeadersOnCopy, ); }; };
		021B97382351DE4000E59F3F /* SomariKit.framework in Frameworks */ = {isa = PBXBuildFile; fileRef = 021B97372351DE4000E59F3F /* SomariKit.framework */; };
		021B97392351DE4000E59F3F /* SomariKit.framework in Embed Frameworks */ = {isa = PBXBuildFile; fileRef = 021B97372351DE4000E59F3F /* SomariKit.framework */; settings = {ATTRIBUTES = (CodeSignOnCopy, RemoveHeadersOnCopy, ); }; };
		021B976B2351E1EF00E59F3F /* SomariCore.framework in Frameworks */ = {isa = PBXBuildFile; fileRef = 021B976A2351E1EF00E59F3F /* SomariCore.framework */; };
		021B976C2351E1EF00E59F3F /* SomariCore.framework in Embed Frameworks */ = {isa = PBXBuildFile; fileRef = 021B976A2351E1EF00E59F3F /* SomariCore.framework */; settings = {ATTRIBUTES = (CodeSignOnCopy, RemoveHeadersOnCopy, ); }; };
		021B97A22351EE3F00E59F3F /* Login.framework in Frameworks */ = {isa = PBXBuildFile; fileRef = 021B97A12351EE3F00E59F3F /* Login.framework */; };
		021B97A32351EE3F00E59F3F /* Login.framework in Embed Frameworks */ = {isa = PBXBuildFile; fileRef = 021B97A12351EE3F00E59F3F /* Login.framework */; settings = {ATTRIBUTES = (CodeSignOnCopy, RemoveHeadersOnCopy, ); }; };
		021B97C0235228CF00E59F3F /* GatewayProvider.swift in Sources */ = {isa = PBXBuildFile; fileRef = 021B97BF235228CF00E59F3F /* GatewayProvider.swift */; };
		021B97C223524D3600E59F3F /* DependencyResolver.swift in Sources */ = {isa = PBXBuildFile; fileRef = 021B97C123524D3600E59F3F /* DependencyResolver.swift */; };
		021B97F32352531700E59F3F /* Feeds.framework in Frameworks */ = {isa = PBXBuildFile; fileRef = 021B97F22352531700E59F3F /* Feeds.framework */; };
		021B97F42352531700E59F3F /* Feeds.framework in Embed Frameworks */ = {isa = PBXBuildFile; fileRef = 021B97F22352531700E59F3F /* Feeds.framework */; settings = {ATTRIBUTES = (CodeSignOnCopy, RemoveHeadersOnCopy, ); }; };
		021B97FD2352D6CF00E59F3F /* MainGateway.swift in Sources */ = {isa = PBXBuildFile; fileRef = 021B97FC2352D6CF00E59F3F /* MainGateway.swift */; };
		023ECEF2233BB13D009F6DD6 /* AppDelegate.swift in Sources */ = {isa = PBXBuildFile; fileRef = 023ECEF1233BB13D009F6DD6 /* AppDelegate.swift */; };
		023ECEF4233BB13D009F6DD6 /* SceneDelegate.swift in Sources */ = {isa = PBXBuildFile; fileRef = 023ECEF3233BB13D009F6DD6 /* SceneDelegate.swift */; };
		023ECEF8233BB13F009F6DD6 /* Assets.xcassets in Resources */ = {isa = PBXBuildFile; fileRef = 023ECEF7233BB13F009F6DD6 /* Assets.xcassets */; };
		023ECEFB233BB13F009F6DD6 /* Preview Assets.xcassets in Resources */ = {isa = PBXBuildFile; fileRef = 023ECEFA233BB13F009F6DD6 /* Preview Assets.xcassets */; };
		023ECEFE233BB13F009F6DD6 /* LaunchScreen.storyboard in Resources */ = {isa = PBXBuildFile; fileRef = 023ECEFC233BB13F009F6DD6 /* LaunchScreen.storyboard */; };
		023ECF09233BB13F009F6DD6 /* SomariTests.swift in Sources */ = {isa = PBXBuildFile; fileRef = 023ECF08233BB13F009F6DD6 /* SomariTests.swift */; };
		023ECF14233BB13F009F6DD6 /* SomariUITests.swift in Sources */ = {isa = PBXBuildFile; fileRef = 023ECF13233BB13F009F6DD6 /* SomariUITests.swift */; };
		023ECF52233FE901009F6DD6 /* MainTabRouter.swift in Sources */ = {isa = PBXBuildFile; fileRef = 023ECF51233FE901009F6DD6 /* MainTabRouter.swift */; };
		026534B923487E1600F753DA /* Logging in Frameworks */ = {isa = PBXBuildFile; productRef = 026534B823487E1600F753DA /* Logging */; };
		02B2B7332348CF4400510E22 /* GoogleService-Info.plist in Resources */ = {isa = PBXBuildFile; fileRef = 02B2B7322348CF4300510E22 /* GoogleService-Info.plist */; };
		02BB0AC72348DFD70035FA96 /* MainTabPresenter.swift in Sources */ = {isa = PBXBuildFile; fileRef = 02BB0AC62348DFD70035FA96 /* MainTabPresenter.swift */; };
		02BB0ACE2349E6690035FA96 /* MainTabInteractor.swift in Sources */ = {isa = PBXBuildFile; fileRef = 02BB0ACD2349E6690035FA96 /* MainTabInteractor.swift */; };
		02BB0AD3234A08FD0035FA96 /* LaunchViewController.swift in Sources */ = {isa = PBXBuildFile; fileRef = 02BB0AD1234A08FD0035FA96 /* LaunchViewController.swift */; };
		02BB0AD4234A08FD0035FA96 /* LaunchViewController.xib in Resources */ = {isa = PBXBuildFile; fileRef = 02BB0AD2234A08FD0035FA96 /* LaunchViewController.xib */; };
		02BB0AD7234A095B0035FA96 /* LauchPresenter.swift in Sources */ = {isa = PBXBuildFile; fileRef = 02BB0AD6234A095B0035FA96 /* LauchPresenter.swift */; };
		02BB0AD9234A09860035FA96 /* LaunchInteractor.swift in Sources */ = {isa = PBXBuildFile; fileRef = 02BB0AD8234A09860035FA96 /* LaunchInteractor.swift */; };
		02BB0ADB234A09AD0035FA96 /* LaunchRouter.swift in Sources */ = {isa = PBXBuildFile; fileRef = 02BB0ADA234A09AD0035FA96 /* LaunchRouter.swift */; };
		02F286042348B352004E308A /* MainTabViewController.swift in Sources */ = {isa = PBXBuildFile; fileRef = 02F286032348B352004E308A /* MainTabViewController.swift */; };
		0F55231D694DFF3114FA636B /* Pods_SomariTests.framework in Frameworks */ = {isa = PBXBuildFile; fileRef = 2915096F7DF1909C9067E793 /* Pods_SomariTests.framework */; };
		6C62AE9169F8D5B9697F1A4D /* Pods_Somari.framework in Frameworks */ = {isa = PBXBuildFile; fileRef = C6CB363F2F286BF29040BBD6 /* Pods_Somari.framework */; };
		96BB5A816DD2392C659C4320 /* Pods_Somari_SomariUITests.framework in Frameworks */ = {isa = PBXBuildFile; fileRef = E00AA8A687DC5B73BBE2F879 /* Pods_Somari_SomariUITests.framework */; };
/* End PBXBuildFile section */

/* Begin PBXContainerItemProxy section */
		023ECF05233BB13F009F6DD6 /* PBXContainerItemProxy */ = {
			isa = PBXContainerItemProxy;
			containerPortal = 023ECEE6233BB13D009F6DD6 /* Project object */;
			proxyType = 1;
			remoteGlobalIDString = 023ECEED233BB13D009F6DD6;
			remoteInfo = Somari;
		};
		023ECF10233BB13F009F6DD6 /* PBXContainerItemProxy */ = {
			isa = PBXContainerItemProxy;
			containerPortal = 023ECEE6233BB13D009F6DD6 /* Project object */;
			proxyType = 1;
			remoteGlobalIDString = 023ECEED233BB13D009F6DD6;
			remoteInfo = Somari;
		};
/* End PBXContainerItemProxy section */

/* Begin PBXCopyFilesBuildPhase section */
		021B97012351D89E00E59F3F /* Embed Frameworks */ = {
			isa = PBXCopyFilesBuildPhase;
			buildActionMask = 2147483647;
			dstPath = "";
			dstSubfolderSpec = 10;
			files = (
				021B97A32351EE3F00E59F3F /* Login.framework in Embed Frameworks */,
				021B97392351DE4000E59F3F /* SomariKit.framework in Embed Frameworks */,
				021B976C2351E1EF00E59F3F /* SomariCore.framework in Embed Frameworks */,
				021B97002351D89E00E59F3F /* SomariFoundation.framework in Embed Frameworks */,
				021B97F42352531700E59F3F /* Feeds.framework in Embed Frameworks */,
			);
			name = "Embed Frameworks";
			runOnlyForDeploymentPostprocessing = 0;
		};
/* End PBXCopyFilesBuildPhase section */

/* Begin PBXFileReference section */
		020A5B39234021F1003692A6 /* Colors.xcassets */ = {isa = PBXFileReference; lastKnownFileType = folder.assetcatalog; path = Colors.xcassets; sourceTree = "<group>"; };
		020A5B3B234025DC003692A6 /* Colors.swift */ = {isa = PBXFileReference; lastKnownFileType = sourcecode.swift; path = Colors.swift; sourceTree = "<group>"; };
		020A5B4023407327003692A6 /* AdditionalFeedViewController.swift */ = {isa = PBXFileReference; lastKnownFileType = sourcecode.swift; path = AdditionalFeedViewController.swift; sourceTree = "<group>"; };
		020A5B4123407327003692A6 /* AdditionalFeedViewController.xib */ = {isa = PBXFileReference; lastKnownFileType = file.xib; path = AdditionalFeedViewController.xib; sourceTree = "<group>"; };
		020A5B4423407D33003692A6 /* AdditionalFeedRouter.swift */ = {isa = PBXFileReference; lastKnownFileType = sourcecode.swift; path = AdditionalFeedRouter.swift; sourceTree = "<group>"; };
		020A5B46234081F5003692A6 /* AdditionalFeedPresenter.swift */ = {isa = PBXFileReference; lastKnownFileType = sourcecode.swift; path = AdditionalFeedPresenter.swift; sourceTree = "<group>"; };
		020A5B4D2340891F003692A6 /* Strings.swift */ = {isa = PBXFileReference; lastKnownFileType = sourcecode.swift; path = Strings.swift; sourceTree = "<group>"; };
		020A5B4F23408C96003692A6 /* Strings.strings */ = {isa = PBXFileReference; lastKnownFileType = text.plist.strings; path = Strings.strings; sourceTree = "<group>"; };
		020A5B552340B82E003692A6 /* AdditionalFeedInteractor.swift */ = {isa = PBXFileReference; lastKnownFileType = sourcecode.swift; path = AdditionalFeedInteractor.swift; sourceTree = "<group>"; };
		020A5B662340F3E9003692A6 /* AdditionalFeedConfirmViewController.swift */ = {isa = PBXFileReference; lastKnownFileType = sourcecode.swift; path = AdditionalFeedConfirmViewController.swift; sourceTree = "<group>"; };
		020A5B672340F3E9003692A6 /* AdditionalFeedConfirmViewController.xib */ = {isa = PBXFileReference; lastKnownFileType = file.xib; path = AdditionalFeedConfirmViewController.xib; sourceTree = "<group>"; };
		020A5B6A234226A4003692A6 /* AdditionalFeedConfirmRouter.swift */ = {isa = PBXFileReference; lastKnownFileType = sourcecode.swift; path = AdditionalFeedConfirmRouter.swift; sourceTree = "<group>"; };
		020A5B6C234227BD003692A6 /* AdditionalFeedConfirmPresenter.swift */ = {isa = PBXFileReference; lastKnownFileType = sourcecode.swift; path = AdditionalFeedConfirmPresenter.swift; sourceTree = "<group>"; };
		020A5B6E23422958003692A6 /* AdditionalFeedConfirmInteractor.swift */ = {isa = PBXFileReference; lastKnownFileType = sourcecode.swift; path = AdditionalFeedConfirmInteractor.swift; sourceTree = "<group>"; };
		021B96FE2351D89E00E59F3F /* SomariFoundation.framework */ = {isa = PBXFileReference; explicitFileType = wrapper.framework; path = SomariFoundation.framework; sourceTree = BUILT_PRODUCTS_DIR; };
		021B97372351DE4000E59F3F /* SomariKit.framework */ = {isa = PBXFileReference; explicitFileType = wrapper.framework; path = SomariKit.framework; sourceTree = BUILT_PRODUCTS_DIR; };
		021B976A2351E1EF00E59F3F /* SomariCore.framework */ = {isa = PBXFileReference; explicitFileType = wrapper.framework; path = SomariCore.framework; sourceTree = BUILT_PRODUCTS_DIR; };
		021B97A12351EE3F00E59F3F /* Login.framework */ = {isa = PBXFileReference; explicitFileType = wrapper.framework; path = Login.framework; sourceTree = BUILT_PRODUCTS_DIR; };
		021B97BF235228CF00E59F3F /* GatewayProvider.swift */ = {isa = PBXFileReference; lastKnownFileType = sourcecode.swift; path = GatewayProvider.swift; sourceTree = "<group>"; };
		021B97C123524D3600E59F3F /* DependencyResolver.swift */ = {isa = PBXFileReference; lastKnownFileType = sourcecode.swift; path = DependencyResolver.swift; sourceTree = "<group>"; };
		021B97F22352531700E59F3F /* Feeds.framework */ = {isa = PBXFileReference; explicitFileType = wrapper.framework; path = Feeds.framework; sourceTree = BUILT_PRODUCTS_DIR; };
		021B97FC2352D6CF00E59F3F /* MainGateway.swift */ = {isa = PBXFileReference; lastKnownFileType = sourcecode.swift; path = MainGateway.swift; sourceTree = "<group>"; };
		023ECEEE233BB13D009F6DD6 /* Somari.app */ = {isa = PBXFileReference; explicitFileType = wrapper.application; includeInIndex = 0; path = Somari.app; sourceTree = BUILT_PRODUCTS_DIR; };
		023ECEF1233BB13D009F6DD6 /* AppDelegate.swift */ = {isa = PBXFileReference; lastKnownFileType = sourcecode.swift; path = AppDelegate.swift; sourceTree = "<group>"; };
		023ECEF3233BB13D009F6DD6 /* SceneDelegate.swift */ = {isa = PBXFileReference; lastKnownFileType = sourcecode.swift; path = SceneDelegate.swift; sourceTree = "<group>"; };
		023ECEF7233BB13F009F6DD6 /* Assets.xcassets */ = {isa = PBXFileReference; lastKnownFileType = folder.assetcatalog; path = Assets.xcassets; sourceTree = "<group>"; };
		023ECEFA233BB13F009F6DD6 /* Preview Assets.xcassets */ = {isa = PBXFileReference; lastKnownFileType = folder.assetcatalog; path = "Preview Assets.xcassets"; sourceTree = "<group>"; };
		023ECEFD233BB13F009F6DD6 /* Base */ = {isa = PBXFileReference; lastKnownFileType = file.storyboard; name = Base; path = Base.lproj/LaunchScreen.storyboard; sourceTree = "<group>"; };
		023ECEFF233BB13F009F6DD6 /* Info.plist */ = {isa = PBXFileReference; lastKnownFileType = text.plist.xml; path = Info.plist; sourceTree = "<group>"; };
		023ECF04233BB13F009F6DD6 /* SomariTests.xctest */ = {isa = PBXFileReference; explicitFileType = wrapper.cfbundle; includeInIndex = 0; path = SomariTests.xctest; sourceTree = BUILT_PRODUCTS_DIR; };
		023ECF08233BB13F009F6DD6 /* SomariTests.swift */ = {isa = PBXFileReference; lastKnownFileType = sourcecode.swift; path = SomariTests.swift; sourceTree = "<group>"; };
		023ECF0A233BB13F009F6DD6 /* Info.plist */ = {isa = PBXFileReference; lastKnownFileType = text.plist.xml; path = Info.plist; sourceTree = "<group>"; };
		023ECF0F233BB13F009F6DD6 /* SomariUITests.xctest */ = {isa = PBXFileReference; explicitFileType = wrapper.cfbundle; includeInIndex = 0; path = SomariUITests.xctest; sourceTree = BUILT_PRODUCTS_DIR; };
		023ECF13233BB13F009F6DD6 /* SomariUITests.swift */ = {isa = PBXFileReference; lastKnownFileType = sourcecode.swift; path = SomariUITests.swift; sourceTree = "<group>"; };
		023ECF15233BB13F009F6DD6 /* Info.plist */ = {isa = PBXFileReference; lastKnownFileType = text.plist.xml; path = Info.plist; sourceTree = "<group>"; };
		023ECF51233FE901009F6DD6 /* MainTabRouter.swift */ = {isa = PBXFileReference; lastKnownFileType = sourcecode.swift; path = MainTabRouter.swift; sourceTree = "<group>"; };
		02AA063F1D35A276B26D5C60 /* Pods-Somari.debug.xcconfig */ = {isa = PBXFileReference; includeInIndex = 1; lastKnownFileType = text.xcconfig; name = "Pods-Somari.debug.xcconfig"; path = "Target Support Files/Pods-Somari/Pods-Somari.debug.xcconfig"; sourceTree = "<group>"; };
		02B2B7322348CF4300510E22 /* GoogleService-Info.plist */ = {isa = PBXFileReference; fileEncoding = 4; lastKnownFileType = text.plist.xml; path = "GoogleService-Info.plist"; sourceTree = "<group>"; };
		02BB0AC62348DFD70035FA96 /* MainTabPresenter.swift */ = {isa = PBXFileReference; lastKnownFileType = sourcecode.swift; path = MainTabPresenter.swift; sourceTree = "<group>"; };
		02BB0ACD2349E6690035FA96 /* MainTabInteractor.swift */ = {isa = PBXFileReference; lastKnownFileType = sourcecode.swift; path = MainTabInteractor.swift; sourceTree = "<group>"; };
		02BB0AD1234A08FD0035FA96 /* LaunchViewController.swift */ = {isa = PBXFileReference; lastKnownFileType = sourcecode.swift; path = LaunchViewController.swift; sourceTree = "<group>"; };
		02BB0AD2234A08FD0035FA96 /* LaunchViewController.xib */ = {isa = PBXFileReference; lastKnownFileType = file.xib; path = LaunchViewController.xib; sourceTree = "<group>"; };
		02BB0AD6234A095B0035FA96 /* LauchPresenter.swift */ = {isa = PBXFileReference; lastKnownFileType = sourcecode.swift; path = LauchPresenter.swift; sourceTree = "<group>"; };
		02BB0AD8234A09860035FA96 /* LaunchInteractor.swift */ = {isa = PBXFileReference; lastKnownFileType = sourcecode.swift; path = LaunchInteractor.swift; sourceTree = "<group>"; };
		02BB0ADA234A09AD0035FA96 /* LaunchRouter.swift */ = {isa = PBXFileReference; lastKnownFileType = sourcecode.swift; path = LaunchRouter.swift; sourceTree = "<group>"; };
		02EAB8A42350DEC300130DB2 /* SomariKit.framework */ = {isa = PBXFileReference; explicitFileType = wrapper.framework; path = SomariKit.framework; sourceTree = BUILT_PRODUCTS_DIR; };
		02F286032348B352004E308A /* MainTabViewController.swift */ = {isa = PBXFileReference; fileEncoding = 4; lastKnownFileType = sourcecode.swift; path = MainTabViewController.swift; sourceTree = "<group>"; };
		2915096F7DF1909C9067E793 /* Pods_SomariTests.framework */ = {isa = PBXFileReference; explicitFileType = wrapper.framework; includeInIndex = 0; path = Pods_SomariTests.framework; sourceTree = BUILT_PRODUCTS_DIR; };
		6290992DA8BF40D9DB7B0DEC /* Pods-Somari-SomariUITests.debug.xcconfig */ = {isa = PBXFileReference; includeInIndex = 1; lastKnownFileType = text.xcconfig; name = "Pods-Somari-SomariUITests.debug.xcconfig"; path = "Target Support Files/Pods-Somari-SomariUITests/Pods-Somari-SomariUITests.debug.xcconfig"; sourceTree = "<group>"; };
		6E910118ECC1483154530BBE /* Pods-Somari-SomariUITests.release.xcconfig */ = {isa = PBXFileReference; includeInIndex = 1; lastKnownFileType = text.xcconfig; name = "Pods-Somari-SomariUITests.release.xcconfig"; path = "Target Support Files/Pods-Somari-SomariUITests/Pods-Somari-SomariUITests.release.xcconfig"; sourceTree = "<group>"; };
		7CFBC1BBBADF5DFFE9A08F79 /* Pods-SomariTests.debug.xcconfig */ = {isa = PBXFileReference; includeInIndex = 1; lastKnownFileType = text.xcconfig; name = "Pods-SomariTests.debug.xcconfig"; path = "Target Support Files/Pods-SomariTests/Pods-SomariTests.debug.xcconfig"; sourceTree = "<group>"; };
		C6CB363F2F286BF29040BBD6 /* Pods_Somari.framework */ = {isa = PBXFileReference; explicitFileType = wrapper.framework; includeInIndex = 0; path = Pods_Somari.framework; sourceTree = BUILT_PRODUCTS_DIR; };
		DBA1FC92E2A2AFFD696BF771 /* Pods-SomariTests.release.xcconfig */ = {isa = PBXFileReference; includeInIndex = 1; lastKnownFileType = text.xcconfig; name = "Pods-SomariTests.release.xcconfig"; path = "Target Support Files/Pods-SomariTests/Pods-SomariTests.release.xcconfig"; sourceTree = "<group>"; };
		E00AA8A687DC5B73BBE2F879 /* Pods_Somari_SomariUITests.framework */ = {isa = PBXFileReference; explicitFileType = wrapper.framework; includeInIndex = 0; path = Pods_Somari_SomariUITests.framework; sourceTree = BUILT_PRODUCTS_DIR; };
		FE60AFF557755E7C18A44ADB /* Pods-Somari.release.xcconfig */ = {isa = PBXFileReference; includeInIndex = 1; lastKnownFileType = text.xcconfig; name = "Pods-Somari.release.xcconfig"; path = "Target Support Files/Pods-Somari/Pods-Somari.release.xcconfig"; sourceTree = "<group>"; };
/* End PBXFileReference section */

/* Begin PBXFrameworksBuildPhase section */
		023ECEEB233BB13D009F6DD6 /* Frameworks */ = {
			isa = PBXFrameworksBuildPhase;
			buildActionMask = 2147483647;
			files = (
				021B96FF2351D89E00E59F3F /* SomariFoundation.framework in Frameworks */,
				026534B923487E1600F753DA /* Logging in Frameworks */,
				021B97F32352531700E59F3F /* Feeds.framework in Frameworks */,
				021B97382351DE4000E59F3F /* SomariKit.framework in Frameworks */,
				6C62AE9169F8D5B9697F1A4D /* Pods_Somari.framework in Frameworks */,
				021B97A22351EE3F00E59F3F /* Login.framework in Frameworks */,
				021B976B2351E1EF00E59F3F /* SomariCore.framework in Frameworks */,
			);
			runOnlyForDeploymentPostprocessing = 0;
		};
		023ECF01233BB13F009F6DD6 /* Frameworks */ = {
			isa = PBXFrameworksBuildPhase;
			buildActionMask = 2147483647;
			files = (
				0F55231D694DFF3114FA636B /* Pods_SomariTests.framework in Frameworks */,
			);
			runOnlyForDeploymentPostprocessing = 0;
		};
		023ECF0C233BB13F009F6DD6 /* Frameworks */ = {
			isa = PBXFrameworksBuildPhase;
			buildActionMask = 2147483647;
			files = (
				96BB5A816DD2392C659C4320 /* Pods_Somari_SomariUITests.framework in Frameworks */,
			);
			runOnlyForDeploymentPostprocessing = 0;
		};
/* End PBXFrameworksBuildPhase section */

/* Begin PBXGroup section */
		020A5B3D23406783003692A6 /* Resources */ = {
			isa = PBXGroup;
			children = (
				023ECEF7233BB13F009F6DD6 /* Assets.xcassets */,
				020A5B39234021F1003692A6 /* Colors.xcassets */,
				020A5B3B234025DC003692A6 /* Colors.swift */,
				020A5B4D2340891F003692A6 /* Strings.swift */,
				020A5B4F23408C96003692A6 /* Strings.strings */,
			);
			path = Resources;
			sourceTree = "<group>";
		};
		020A5B3E2340729F003692A6 /* AdditionalFeed */ = {
			isa = PBXGroup;
			children = (
				020A5B3F234072EF003692A6 /* Views */,
				020A5B4423407D33003692A6 /* AdditionalFeedRouter.swift */,
				020A5B46234081F5003692A6 /* AdditionalFeedPresenter.swift */,
				020A5B552340B82E003692A6 /* AdditionalFeedInteractor.swift */,
			);
			path = AdditionalFeed;
			sourceTree = "<group>";
		};
		020A5B3F234072EF003692A6 /* Views */ = {
			isa = PBXGroup;
			children = (
				020A5B4023407327003692A6 /* AdditionalFeedViewController.swift */,
				020A5B4123407327003692A6 /* AdditionalFeedViewController.xib */,
			);
			path = Views;
			sourceTree = "<group>";
		};
		020A5B642340F3B5003692A6 /* AdditionalFeedConfirm */ = {
			isa = PBXGroup;
			children = (
				020A5B652340F3CB003692A6 /* Views */,
				020A5B6A234226A4003692A6 /* AdditionalFeedConfirmRouter.swift */,
				020A5B6C234227BD003692A6 /* AdditionalFeedConfirmPresenter.swift */,
				020A5B6E23422958003692A6 /* AdditionalFeedConfirmInteractor.swift */,
			);
			path = AdditionalFeedConfirm;
			sourceTree = "<group>";
		};
		020A5B652340F3CB003692A6 /* Views */ = {
			isa = PBXGroup;
			children = (
				020A5B662340F3E9003692A6 /* AdditionalFeedConfirmViewController.swift */,
				020A5B672340F3E9003692A6 /* AdditionalFeedConfirmViewController.xib */,
			);
			path = Views;
			sourceTree = "<group>";
		};
		023ECEE5233BB13D009F6DD6 = {
			isa = PBXGroup;
			children = (
				023ECEF0233BB13D009F6DD6 /* Somari */,
				023ECF07233BB13F009F6DD6 /* SomariTests */,
				023ECF12233BB13F009F6DD6 /* SomariUITests */,
				023ECEEF233BB13D009F6DD6 /* Products */,
				25F61B0A0D6A0B11C7BD6D04 /* Pods */,
				261100F58BFEC59D28774E27 /* Frameworks */,
			);
			sourceTree = "<group>";
		};
		023ECEEF233BB13D009F6DD6 /* Products */ = {
			isa = PBXGroup;
			children = (
				023ECEEE233BB13D009F6DD6 /* Somari.app */,
				023ECF04233BB13F009F6DD6 /* SomariTests.xctest */,
				023ECF0F233BB13F009F6DD6 /* SomariUITests.xctest */,
			);
			name = Products;
			sourceTree = "<group>";
		};
		023ECEF0233BB13D009F6DD6 /* Somari */ = {
			isa = PBXGroup;
			children = (
				02BB0ACF234A08A70035FA96 /* Launch */,
				023ECF42233F5D01009F6DD6 /* Main */,
				020A5B3E2340729F003692A6 /* AdditionalFeed */,
				020A5B642340F3B5003692A6 /* AdditionalFeedConfirm */,
				020A5B3D23406783003692A6 /* Resources */,
				021B97FC2352D6CF00E59F3F /* MainGateway.swift */,
				021B97BF235228CF00E59F3F /* GatewayProvider.swift */,
				021B97C123524D3600E59F3F /* DependencyResolver.swift */,
				023ECEF1233BB13D009F6DD6 /* AppDelegate.swift */,
				023ECEF3233BB13D009F6DD6 /* SceneDelegate.swift */,
				023ECEFC233BB13F009F6DD6 /* LaunchScreen.storyboard */,
				023ECEFF233BB13F009F6DD6 /* Info.plist */,
				02B2B7322348CF4300510E22 /* GoogleService-Info.plist */,
				023ECEF9233BB13F009F6DD6 /* Preview Content */,
			);
			path = Somari;
			sourceTree = "<group>";
		};
		023ECEF9233BB13F009F6DD6 /* Preview Content */ = {
			isa = PBXGroup;
			children = (
				023ECEFA233BB13F009F6DD6 /* Preview Assets.xcassets */,
			);
			path = "Preview Content";
			sourceTree = "<group>";
		};
		023ECF07233BB13F009F6DD6 /* SomariTests */ = {
			isa = PBXGroup;
			children = (
				023ECF08233BB13F009F6DD6 /* SomariTests.swift */,
				023ECF0A233BB13F009F6DD6 /* Info.plist */,
			);
			path = SomariTests;
			sourceTree = "<group>";
		};
		023ECF12233BB13F009F6DD6 /* SomariUITests */ = {
			isa = PBXGroup;
			children = (
				023ECF13233BB13F009F6DD6 /* SomariUITests.swift */,
				023ECF15233BB13F009F6DD6 /* Info.plist */,
			);
			path = SomariUITests;
			sourceTree = "<group>";
		};
		023ECF42233F5D01009F6DD6 /* Main */ = {
			isa = PBXGroup;
			children = (
				02F286022348B33D004E308A /* Views */,
				023ECF51233FE901009F6DD6 /* MainTabRouter.swift */,
				02BB0AC62348DFD70035FA96 /* MainTabPresenter.swift */,
				02BB0ACD2349E6690035FA96 /* MainTabInteractor.swift */,
			);
			path = Main;
			sourceTree = "<group>";
		};
		02BB0ACF234A08A70035FA96 /* Launch */ = {
			isa = PBXGroup;
			children = (
				02BB0AD0234A08C60035FA96 /* Views */,
				02BB0ADA234A09AD0035FA96 /* LaunchRouter.swift */,
				02BB0AD6234A095B0035FA96 /* LauchPresenter.swift */,
				02BB0AD8234A09860035FA96 /* LaunchInteractor.swift */,
			);
			path = Launch;
			sourceTree = "<group>";
		};
		02BB0AD0234A08C60035FA96 /* Views */ = {
			isa = PBXGroup;
			children = (
				02BB0AD1234A08FD0035FA96 /* LaunchViewController.swift */,
				02BB0AD2234A08FD0035FA96 /* LaunchViewController.xib */,
			);
			path = Views;
			sourceTree = "<group>";
		};
		02F286022348B33D004E308A /* Views */ = {
			isa = PBXGroup;
			children = (
				02F286032348B352004E308A /* MainTabViewController.swift */,
			);
			path = Views;
			sourceTree = "<group>";
		};
		25F61B0A0D6A0B11C7BD6D04 /* Pods */ = {
			isa = PBXGroup;
			children = (
				02AA063F1D35A276B26D5C60 /* Pods-Somari.debug.xcconfig */,
				FE60AFF557755E7C18A44ADB /* Pods-Somari.release.xcconfig */,
				6290992DA8BF40D9DB7B0DEC /* Pods-Somari-SomariUITests.debug.xcconfig */,
				6E910118ECC1483154530BBE /* Pods-Somari-SomariUITests.release.xcconfig */,
				7CFBC1BBBADF5DFFE9A08F79 /* Pods-SomariTests.debug.xcconfig */,
				DBA1FC92E2A2AFFD696BF771 /* Pods-SomariTests.release.xcconfig */,
			);
			name = Pods;
			path = ../Pods;
			sourceTree = "<group>";
		};
		261100F58BFEC59D28774E27 /* Frameworks */ = {
			isa = PBXGroup;
			children = (
				021B97F22352531700E59F3F /* Feeds.framework */,
				021B97A12351EE3F00E59F3F /* Login.framework */,
				021B976A2351E1EF00E59F3F /* SomariCore.framework */,
				021B97372351DE4000E59F3F /* SomariKit.framework */,
				021B96FE2351D89E00E59F3F /* SomariFoundation.framework */,
				02EAB8A42350DEC300130DB2 /* SomariKit.framework */,
				C6CB363F2F286BF29040BBD6 /* Pods_Somari.framework */,
				E00AA8A687DC5B73BBE2F879 /* Pods_Somari_SomariUITests.framework */,
				2915096F7DF1909C9067E793 /* Pods_SomariTests.framework */,
			);
			name = Frameworks;
			sourceTree = "<group>";
		};
/* End PBXGroup section */

/* Begin PBXNativeTarget section */
		023ECEED233BB13D009F6DD6 /* Somari */ = {
			isa = PBXNativeTarget;
			buildConfigurationList = 023ECF18233BB13F009F6DD6 /* Build configuration list for PBXNativeTarget "Somari" */;
			buildPhases = (
				486A6F4DBC2D715FDB7D862F /* [CP] Check Pods Manifest.lock */,
				023ECEEA233BB13D009F6DD6 /* Sources */,
				023ECEEB233BB13D009F6DD6 /* Frameworks */,
				023ECEEC233BB13D009F6DD6 /* Resources */,
				11493FCAE35957DC21D7DCC3 /* [CP] Embed Pods Frameworks */,
				021B97012351D89E00E59F3F /* Embed Frameworks */,
			);
			buildRules = (
			);
			dependencies = (
			);
			name = Somari;
			packageProductDependencies = (
				026534B823487E1600F753DA /* Logging */,
			);
			productName = Somari;
			productReference = 023ECEEE233BB13D009F6DD6 /* Somari.app */;
			productType = "com.apple.product-type.application";
		};
		023ECF03233BB13F009F6DD6 /* SomariTests */ = {
			isa = PBXNativeTarget;
			buildConfigurationList = 023ECF1B233BB13F009F6DD6 /* Build configuration list for PBXNativeTarget "SomariTests" */;
			buildPhases = (
				59CFC8955095546225B0555E /* [CP] Check Pods Manifest.lock */,
				023ECF00233BB13F009F6DD6 /* Sources */,
				023ECF01233BB13F009F6DD6 /* Frameworks */,
				023ECF02233BB13F009F6DD6 /* Resources */,
			);
			buildRules = (
			);
			dependencies = (
				023ECF06233BB13F009F6DD6 /* PBXTargetDependency */,
			);
			name = SomariTests;
			productName = SomariTests;
			productReference = 023ECF04233BB13F009F6DD6 /* SomariTests.xctest */;
			productType = "com.apple.product-type.bundle.unit-test";
		};
		023ECF0E233BB13F009F6DD6 /* SomariUITests */ = {
			isa = PBXNativeTarget;
			buildConfigurationList = 023ECF1E233BB13F009F6DD6 /* Build configuration list for PBXNativeTarget "SomariUITests" */;
			buildPhases = (
				35A9EE300231BD0C089C94BB /* [CP] Check Pods Manifest.lock */,
				023ECF0B233BB13F009F6DD6 /* Sources */,
				023ECF0C233BB13F009F6DD6 /* Frameworks */,
				023ECF0D233BB13F009F6DD6 /* Resources */,
				B4F611CBD51F92D8F2DD8F01 /* [CP] Embed Pods Frameworks */,
			);
			buildRules = (
			);
			dependencies = (
				023ECF11233BB13F009F6DD6 /* PBXTargetDependency */,
			);
			name = SomariUITests;
			productName = SomariUITests;
			productReference = 023ECF0F233BB13F009F6DD6 /* SomariUITests.xctest */;
			productType = "com.apple.product-type.bundle.ui-testing";
		};
/* End PBXNativeTarget section */

/* Begin PBXProject section */
		023ECEE6233BB13D009F6DD6 /* Project object */ = {
			isa = PBXProject;
			attributes = {
				LastSwiftUpdateCheck = 1110;
				LastUpgradeCheck = 1110;
				ORGANIZATIONNAME = "Kazuki Yamamoto";
				TargetAttributes = {
					023ECEED233BB13D009F6DD6 = {
						CreatedOnToolsVersion = 11.1;
					};
					023ECF03233BB13F009F6DD6 = {
						CreatedOnToolsVersion = 11.1;
						TestTargetID = 023ECEED233BB13D009F6DD6;
					};
					023ECF0E233BB13F009F6DD6 = {
						CreatedOnToolsVersion = 11.1;
						TestTargetID = 023ECEED233BB13D009F6DD6;
					};
				};
			};
			buildConfigurationList = 023ECEE9233BB13D009F6DD6 /* Build configuration list for PBXProject "Somari" */;
			compatibilityVersion = "Xcode 9.3";
			developmentRegion = en;
			hasScannedForEncodings = 0;
			knownRegions = (
				en,
				Base,
			);
			mainGroup = 023ECEE5233BB13D009F6DD6;
			packageReferences = (
				026534B723487E1600F753DA /* XCRemoteSwiftPackageReference "swift-log" */,
			);
			productRefGroup = 023ECEEF233BB13D009F6DD6 /* Products */;
			projectDirPath = "";
			projectRoot = "";
			targets = (
				023ECEED233BB13D009F6DD6 /* Somari */,
				023ECF03233BB13F009F6DD6 /* SomariTests */,
				023ECF0E233BB13F009F6DD6 /* SomariUITests */,
			);
		};
/* End PBXProject section */

/* Begin PBXResourcesBuildPhase section */
		023ECEEC233BB13D009F6DD6 /* Resources */ = {
			isa = PBXResourcesBuildPhase;
			buildActionMask = 2147483647;
			files = (
				023ECEFE233BB13F009F6DD6 /* LaunchScreen.storyboard in Resources */,
				02BB0AD4234A08FD0035FA96 /* LaunchViewController.xib in Resources */,
				020A5B5023408C96003692A6 /* Strings.strings in Resources */,
				023ECEFB233BB13F009F6DD6 /* Preview Assets.xcassets in Resources */,
				020A5B4323407327003692A6 /* AdditionalFeedViewController.xib in Resources */,
				020A5B692340F3E9003692A6 /* AdditionalFeedConfirmViewController.xib in Resources */,
				020A5B3A234021F1003692A6 /* Colors.xcassets in Resources */,
				02B2B7332348CF4400510E22 /* GoogleService-Info.plist in Resources */,
				023ECEF8233BB13F009F6DD6 /* Assets.xcassets in Resources */,
			);
			runOnlyForDeploymentPostprocessing = 0;
		};
		023ECF02233BB13F009F6DD6 /* Resources */ = {
			isa = PBXResourcesBuildPhase;
			buildActionMask = 2147483647;
			files = (
			);
			runOnlyForDeploymentPostprocessing = 0;
		};
		023ECF0D233BB13F009F6DD6 /* Resources */ = {
			isa = PBXResourcesBuildPhase;
			buildActionMask = 2147483647;
			files = (
			);
			runOnlyForDeploymentPostprocessing = 0;
		};
/* End PBXResourcesBuildPhase section */

/* Begin PBXShellScriptBuildPhase section */
		11493FCAE35957DC21D7DCC3 /* [CP] Embed Pods Frameworks */ = {
			isa = PBXShellScriptBuildPhase;
			buildActionMask = 2147483647;
			files = (
			);
			inputFileListPaths = (
				"${PODS_ROOT}/Target Support Files/Pods-Somari/Pods-Somari-frameworks-${CONFIGURATION}-input-files.xcfilelist",
			);
			name = "[CP] Embed Pods Frameworks";
			outputFileListPaths = (
				"${PODS_ROOT}/Target Support Files/Pods-Somari/Pods-Somari-frameworks-${CONFIGURATION}-output-files.xcfilelist",
			);
			runOnlyForDeploymentPostprocessing = 0;
			shellPath = /bin/sh;
			shellScript = "\"${PODS_ROOT}/Target Support Files/Pods-Somari/Pods-Somari-frameworks.sh\"\n";
			showEnvVarsInLog = 0;
		};
		35A9EE300231BD0C089C94BB /* [CP] Check Pods Manifest.lock */ = {
			isa = PBXShellScriptBuildPhase;
			buildActionMask = 2147483647;
			files = (
			);
			inputFileListPaths = (
			);
			inputPaths = (
				"${PODS_PODFILE_DIR_PATH}/Podfile.lock",
				"${PODS_ROOT}/Manifest.lock",
			);
			name = "[CP] Check Pods Manifest.lock";
			outputFileListPaths = (
			);
			outputPaths = (
				"$(DERIVED_FILE_DIR)/Pods-Somari-SomariUITests-checkManifestLockResult.txt",
			);
			runOnlyForDeploymentPostprocessing = 0;
			shellPath = /bin/sh;
			shellScript = "diff \"${PODS_PODFILE_DIR_PATH}/Podfile.lock\" \"${PODS_ROOT}/Manifest.lock\" > /dev/null\nif [ $? != 0 ] ; then\n    # print error to STDERR\n    echo \"error: The sandbox is not in sync with the Podfile.lock. Run 'pod install' or update your CocoaPods installation.\" >&2\n    exit 1\nfi\n# This output is used by Xcode 'outputs' to avoid re-running this script phase.\necho \"SUCCESS\" > \"${SCRIPT_OUTPUT_FILE_0}\"\n";
			showEnvVarsInLog = 0;
		};
		486A6F4DBC2D715FDB7D862F /* [CP] Check Pods Manifest.lock */ = {
			isa = PBXShellScriptBuildPhase;
			buildActionMask = 2147483647;
			files = (
			);
			inputFileListPaths = (
			);
			inputPaths = (
				"${PODS_PODFILE_DIR_PATH}/Podfile.lock",
				"${PODS_ROOT}/Manifest.lock",
			);
			name = "[CP] Check Pods Manifest.lock";
			outputFileListPaths = (
			);
			outputPaths = (
				"$(DERIVED_FILE_DIR)/Pods-Somari-checkManifestLockResult.txt",
			);
			runOnlyForDeploymentPostprocessing = 0;
			shellPath = /bin/sh;
			shellScript = "diff \"${PODS_PODFILE_DIR_PATH}/Podfile.lock\" \"${PODS_ROOT}/Manifest.lock\" > /dev/null\nif [ $? != 0 ] ; then\n    # print error to STDERR\n    echo \"error: The sandbox is not in sync with the Podfile.lock. Run 'pod install' or update your CocoaPods installation.\" >&2\n    exit 1\nfi\n# This output is used by Xcode 'outputs' to avoid re-running this script phase.\necho \"SUCCESS\" > \"${SCRIPT_OUTPUT_FILE_0}\"\n";
			showEnvVarsInLog = 0;
		};
		59CFC8955095546225B0555E /* [CP] Check Pods Manifest.lock */ = {
			isa = PBXShellScriptBuildPhase;
			buildActionMask = 2147483647;
			files = (
			);
			inputFileListPaths = (
			);
			inputPaths = (
				"${PODS_PODFILE_DIR_PATH}/Podfile.lock",
				"${PODS_ROOT}/Manifest.lock",
			);
			name = "[CP] Check Pods Manifest.lock";
			outputFileListPaths = (
			);
			outputPaths = (
				"$(DERIVED_FILE_DIR)/Pods-SomariTests-checkManifestLockResult.txt",
			);
			runOnlyForDeploymentPostprocessing = 0;
			shellPath = /bin/sh;
			shellScript = "diff \"${PODS_PODFILE_DIR_PATH}/Podfile.lock\" \"${PODS_ROOT}/Manifest.lock\" > /dev/null\nif [ $? != 0 ] ; then\n    # print error to STDERR\n    echo \"error: The sandbox is not in sync with the Podfile.lock. Run 'pod install' or update your CocoaPods installation.\" >&2\n    exit 1\nfi\n# This output is used by Xcode 'outputs' to avoid re-running this script phase.\necho \"SUCCESS\" > \"${SCRIPT_OUTPUT_FILE_0}\"\n";
			showEnvVarsInLog = 0;
		};
		B4F611CBD51F92D8F2DD8F01 /* [CP] Embed Pods Frameworks */ = {
			isa = PBXShellScriptBuildPhase;
			buildActionMask = 2147483647;
			files = (
			);
			inputFileListPaths = (
				"${PODS_ROOT}/Target Support Files/Pods-Somari-SomariUITests/Pods-Somari-SomariUITests-frameworks-${CONFIGURATION}-input-files.xcfilelist",
			);
			name = "[CP] Embed Pods Frameworks";
			outputFileListPaths = (
				"${PODS_ROOT}/Target Support Files/Pods-Somari-SomariUITests/Pods-Somari-SomariUITests-frameworks-${CONFIGURATION}-output-files.xcfilelist",
			);
			runOnlyForDeploymentPostprocessing = 0;
			shellPath = /bin/sh;
			shellScript = "\"${PODS_ROOT}/Target Support Files/Pods-Somari-SomariUITests/Pods-Somari-SomariUITests-frameworks.sh\"\n";
			showEnvVarsInLog = 0;
		};
/* End PBXShellScriptBuildPhase section */

/* Begin PBXSourcesBuildPhase section */
		023ECEEA233BB13D009F6DD6 /* Sources */ = {
			isa = PBXSourcesBuildPhase;
			buildActionMask = 2147483647;
			files = (
				02BB0AD7234A095B0035FA96 /* LauchPresenter.swift in Sources */,
				02BB0ACE2349E6690035FA96 /* MainTabInteractor.swift in Sources */,
				020A5B6F23422958003692A6 /* AdditionalFeedConfirmInteractor.swift in Sources */,
				021B97C223524D3600E59F3F /* DependencyResolver.swift in Sources */,
				020A5B6B234226A4003692A6 /* AdditionalFeedConfirmRouter.swift in Sources */,
				020A5B6D234227BD003692A6 /* AdditionalFeedConfirmPresenter.swift in Sources */,
				020A5B4523407D33003692A6 /* AdditionalFeedRouter.swift in Sources */,
				02BB0AD9234A09860035FA96 /* LaunchInteractor.swift in Sources */,
				021B97C0235228CF00E59F3F /* GatewayProvider.swift in Sources */,
				02BB0AC72348DFD70035FA96 /* MainTabPresenter.swift in Sources */,
				02BB0AD3234A08FD0035FA96 /* LaunchViewController.swift in Sources */,
				02F286042348B352004E308A /* MainTabViewController.swift in Sources */,
				023ECEF2233BB13D009F6DD6 /* AppDelegate.swift in Sources */,
				02BB0ADB234A09AD0035FA96 /* LaunchRouter.swift in Sources */,
				023ECEF4233BB13D009F6DD6 /* SceneDelegate.swift in Sources */,
				020A5B682340F3E9003692A6 /* AdditionalFeedConfirmViewController.swift in Sources */,
				021B97FD2352D6CF00E59F3F /* MainGateway.swift in Sources */,
				020A5B4E2340891F003692A6 /* Strings.swift in Sources */,
				020A5B3C234025DC003692A6 /* Colors.swift in Sources */,
				020A5B562340B82E003692A6 /* AdditionalFeedInteractor.swift in Sources */,
				023ECF52233FE901009F6DD6 /* MainTabRouter.swift in Sources */,
				020A5B47234081F5003692A6 /* AdditionalFeedPresenter.swift in Sources */,
				020A5B4223407327003692A6 /* AdditionalFeedViewController.swift in Sources */,
			);
			runOnlyForDeploymentPostprocessing = 0;
		};
		023ECF00233BB13F009F6DD6 /* Sources */ = {
			isa = PBXSourcesBuildPhase;
			buildActionMask = 2147483647;
			files = (
				023ECF09233BB13F009F6DD6 /* SomariTests.swift in Sources */,
			);
			runOnlyForDeploymentPostprocessing = 0;
		};
		023ECF0B233BB13F009F6DD6 /* Sources */ = {
			isa = PBXSourcesBuildPhase;
			buildActionMask = 2147483647;
			files = (
				023ECF14233BB13F009F6DD6 /* SomariUITests.swift in Sources */,
			);
			runOnlyForDeploymentPostprocessing = 0;
		};
/* End PBXSourcesBuildPhase section */

/* Begin PBXTargetDependency section */
		023ECF06233BB13F009F6DD6 /* PBXTargetDependency */ = {
			isa = PBXTargetDependency;
			target = 023ECEED233BB13D009F6DD6 /* Somari */;
			targetProxy = 023ECF05233BB13F009F6DD6 /* PBXContainerItemProxy */;
		};
		023ECF11233BB13F009F6DD6 /* PBXTargetDependency */ = {
			isa = PBXTargetDependency;
			target = 023ECEED233BB13D009F6DD6 /* Somari */;
			targetProxy = 023ECF10233BB13F009F6DD6 /* PBXContainerItemProxy */;
		};
/* End PBXTargetDependency section */

/* Begin PBXVariantGroup section */
		023ECEFC233BB13F009F6DD6 /* LaunchScreen.storyboard */ = {
			isa = PBXVariantGroup;
			children = (
				023ECEFD233BB13F009F6DD6 /* Base */,
			);
			name = LaunchScreen.storyboard;
			sourceTree = "<group>";
		};
/* End PBXVariantGroup section */

/* Begin XCBuildConfiguration section */
		023ECF16233BB13F009F6DD6 /* Debug */ = {
			isa = XCBuildConfiguration;
			buildSettings = {
				ALWAYS_SEARCH_USER_PATHS = NO;
				CLANG_ANALYZER_NONNULL = YES;
				CLANG_ANALYZER_NUMBER_OBJECT_CONVERSION = YES_AGGRESSIVE;
				CLANG_CXX_LANGUAGE_STANDARD = "gnu++14";
				CLANG_CXX_LIBRARY = "libc++";
				CLANG_ENABLE_MODULES = YES;
				CLANG_ENABLE_OBJC_ARC = YES;
				CLANG_ENABLE_OBJC_WEAK = YES;
				CLANG_WARN_BLOCK_CAPTURE_AUTORELEASING = YES;
				CLANG_WARN_BOOL_CONVERSION = YES;
				CLANG_WARN_COMMA = YES;
				CLANG_WARN_CONSTANT_CONVERSION = YES;
				CLANG_WARN_DEPRECATED_OBJC_IMPLEMENTATIONS = YES;
				CLANG_WARN_DIRECT_OBJC_ISA_USAGE = YES_ERROR;
				CLANG_WARN_DOCUMENTATION_COMMENTS = YES;
				CLANG_WARN_EMPTY_BODY = YES;
				CLANG_WARN_ENUM_CONVERSION = YES;
				CLANG_WARN_INFINITE_RECURSION = YES;
				CLANG_WARN_INT_CONVERSION = YES;
				CLANG_WARN_NON_LITERAL_NULL_CONVERSION = YES;
				CLANG_WARN_OBJC_IMPLICIT_RETAIN_SELF = YES;
				CLANG_WARN_OBJC_LITERAL_CONVERSION = YES;
				CLANG_WARN_OBJC_ROOT_CLASS = YES_ERROR;
				CLANG_WARN_RANGE_LOOP_ANALYSIS = YES;
				CLANG_WARN_STRICT_PROTOTYPES = YES;
				CLANG_WARN_SUSPICIOUS_MOVE = YES;
				CLANG_WARN_UNGUARDED_AVAILABILITY = YES_AGGRESSIVE;
				CLANG_WARN_UNREACHABLE_CODE = YES;
				CLANG_WARN__DUPLICATE_METHOD_MATCH = YES;
				COPY_PHASE_STRIP = NO;
				DEBUG_INFORMATION_FORMAT = dwarf;
				ENABLE_STRICT_OBJC_MSGSEND = YES;
				ENABLE_TESTABILITY = YES;
				GCC_C_LANGUAGE_STANDARD = gnu11;
				GCC_DYNAMIC_NO_PIC = NO;
				GCC_NO_COMMON_BLOCKS = YES;
				GCC_OPTIMIZATION_LEVEL = 0;
				GCC_PREPROCESSOR_DEFINITIONS = (
					"DEBUG=1",
					"$(inherited)",
				);
				GCC_WARN_64_TO_32_BIT_CONVERSION = YES;
				GCC_WARN_ABOUT_RETURN_TYPE = YES_ERROR;
				GCC_WARN_UNDECLARED_SELECTOR = YES;
				GCC_WARN_UNINITIALIZED_AUTOS = YES_AGGRESSIVE;
				GCC_WARN_UNUSED_FUNCTION = YES;
				GCC_WARN_UNUSED_VARIABLE = YES;
				IPHONEOS_DEPLOYMENT_TARGET = 13.1;
				MTL_ENABLE_DEBUG_INFO = INCLUDE_SOURCE;
				MTL_FAST_MATH = YES;
				ONLY_ACTIVE_ARCH = YES;
				SDKROOT = iphoneos;
				SWIFT_ACTIVE_COMPILATION_CONDITIONS = DEBUG;
				SWIFT_OPTIMIZATION_LEVEL = "-Onone";
			};
			name = Debug;
		};
		023ECF17233BB13F009F6DD6 /* Release */ = {
			isa = XCBuildConfiguration;
			buildSettings = {
				ALWAYS_SEARCH_USER_PATHS = NO;
				CLANG_ANALYZER_NONNULL = YES;
				CLANG_ANALYZER_NUMBER_OBJECT_CONVERSION = YES_AGGRESSIVE;
				CLANG_CXX_LANGUAGE_STANDARD = "gnu++14";
				CLANG_CXX_LIBRARY = "libc++";
				CLANG_ENABLE_MODULES = YES;
				CLANG_ENABLE_OBJC_ARC = YES;
				CLANG_ENABLE_OBJC_WEAK = YES;
				CLANG_WARN_BLOCK_CAPTURE_AUTORELEASING = YES;
				CLANG_WARN_BOOL_CONVERSION = YES;
				CLANG_WARN_COMMA = YES;
				CLANG_WARN_CONSTANT_CONVERSION = YES;
				CLANG_WARN_DEPRECATED_OBJC_IMPLEMENTATIONS = YES;
				CLANG_WARN_DIRECT_OBJC_ISA_USAGE = YES_ERROR;
				CLANG_WARN_DOCUMENTATION_COMMENTS = YES;
				CLANG_WARN_EMPTY_BODY = YES;
				CLANG_WARN_ENUM_CONVERSION = YES;
				CLANG_WARN_INFINITE_RECURSION = YES;
				CLANG_WARN_INT_CONVERSION = YES;
				CLANG_WARN_NON_LITERAL_NULL_CONVERSION = YES;
				CLANG_WARN_OBJC_IMPLICIT_RETAIN_SELF = YES;
				CLANG_WARN_OBJC_LITERAL_CONVERSION = YES;
				CLANG_WARN_OBJC_ROOT_CLASS = YES_ERROR;
				CLANG_WARN_RANGE_LOOP_ANALYSIS = YES;
				CLANG_WARN_STRICT_PROTOTYPES = YES;
				CLANG_WARN_SUSPICIOUS_MOVE = YES;
				CLANG_WARN_UNGUARDED_AVAILABILITY = YES_AGGRESSIVE;
				CLANG_WARN_UNREACHABLE_CODE = YES;
				CLANG_WARN__DUPLICATE_METHOD_MATCH = YES;
				COPY_PHASE_STRIP = NO;
				DEBUG_INFORMATION_FORMAT = "dwarf-with-dsym";
				ENABLE_NS_ASSERTIONS = NO;
				ENABLE_STRICT_OBJC_MSGSEND = YES;
				GCC_C_LANGUAGE_STANDARD = gnu11;
				GCC_NO_COMMON_BLOCKS = YES;
				GCC_WARN_64_TO_32_BIT_CONVERSION = YES;
				GCC_WARN_ABOUT_RETURN_TYPE = YES_ERROR;
				GCC_WARN_UNDECLARED_SELECTOR = YES;
				GCC_WARN_UNINITIALIZED_AUTOS = YES_AGGRESSIVE;
				GCC_WARN_UNUSED_FUNCTION = YES;
				GCC_WARN_UNUSED_VARIABLE = YES;
				IPHONEOS_DEPLOYMENT_TARGET = 13.1;
				MTL_ENABLE_DEBUG_INFO = NO;
				MTL_FAST_MATH = YES;
				SDKROOT = iphoneos;
				SWIFT_COMPILATION_MODE = wholemodule;
				SWIFT_OPTIMIZATION_LEVEL = "-O";
				VALIDATE_PRODUCT = YES;
			};
			name = Release;
		};
		023ECF19233BB13F009F6DD6 /* Debug */ = {
			isa = XCBuildConfiguration;
			baseConfigurationReference = 02AA063F1D35A276B26D5C60 /* Pods-Somari.debug.xcconfig */;
			buildSettings = {
				ASSETCATALOG_COMPILER_APPICON_NAME = AppIcon;
				CODE_SIGN_STYLE = Automatic;
				DEVELOPMENT_ASSET_PATHS = "\"Somari/Preview Content\"";
				ENABLE_PREVIEWS = YES;
				INFOPLIST_FILE = Somari/Info.plist;
				IPHONEOS_DEPLOYMENT_TARGET = 13.0;
				LD_RUNPATH_SEARCH_PATHS = (
					"$(inherited)",
					"@executable_path/Frameworks",
				);
				PRODUCT_BUNDLE_IDENTIFIER = app.kymmt.Somari;
				PRODUCT_NAME = "$(TARGET_NAME)";
				SWIFT_VERSION = 5.0;
				TARGETED_DEVICE_FAMILY = "1,2";
			};
			name = Debug;
		};
		023ECF1A233BB13F009F6DD6 /* Release */ = {
			isa = XCBuildConfiguration;
			baseConfigurationReference = FE60AFF557755E7C18A44ADB /* Pods-Somari.release.xcconfig */;
			buildSettings = {
				ASSETCATALOG_COMPILER_APPICON_NAME = AppIcon;
				CODE_SIGN_STYLE = Automatic;
				DEVELOPMENT_ASSET_PATHS = "\"Somari/Preview Content\"";
				ENABLE_PREVIEWS = YES;
				INFOPLIST_FILE = Somari/Info.plist;
				IPHONEOS_DEPLOYMENT_TARGET = 13.0;
				LD_RUNPATH_SEARCH_PATHS = (
					"$(inherited)",
					"@executable_path/Frameworks",
				);
				PRODUCT_BUNDLE_IDENTIFIER = app.kymmt.Somari;
				PRODUCT_NAME = "$(TARGET_NAME)";
				SWIFT_VERSION = 5.0;
				TARGETED_DEVICE_FAMILY = "1,2";
			};
			name = Release;
		};
		023ECF1C233BB13F009F6DD6 /* Debug */ = {
			isa = XCBuildConfiguration;
			baseConfigurationReference = 7CFBC1BBBADF5DFFE9A08F79 /* Pods-SomariTests.debug.xcconfig */;
			buildSettings = {
				ALWAYS_EMBED_SWIFT_STANDARD_LIBRARIES = YES;
				BUNDLE_LOADER = "$(TEST_HOST)";
				CODE_SIGN_STYLE = Automatic;
				INFOPLIST_FILE = SomariTests/Info.plist;
				IPHONEOS_DEPLOYMENT_TARGET = 13.1;
				LD_RUNPATH_SEARCH_PATHS = (
					"$(inherited)",
					"@executable_path/Frameworks",
					"@loader_path/Frameworks",
				);
				PRODUCT_BUNDLE_IDENTIFIER = net.kymmt.SomariTests;
				PRODUCT_NAME = "$(TARGET_NAME)";
				SWIFT_VERSION = 5.0;
				TARGETED_DEVICE_FAMILY = "1,2";
				TEST_HOST = "$(BUILT_PRODUCTS_DIR)/Somari.app/Somari";
			};
			name = Debug;
		};
		023ECF1D233BB13F009F6DD6 /* Release */ = {
			isa = XCBuildConfiguration;
			baseConfigurationReference = DBA1FC92E2A2AFFD696BF771 /* Pods-SomariTests.release.xcconfig */;
			buildSettings = {
				ALWAYS_EMBED_SWIFT_STANDARD_LIBRARIES = YES;
				BUNDLE_LOADER = "$(TEST_HOST)";
				CODE_SIGN_STYLE = Automatic;
				INFOPLIST_FILE = SomariTests/Info.plist;
				IPHONEOS_DEPLOYMENT_TARGET = 13.1;
				LD_RUNPATH_SEARCH_PATHS = (
					"$(inherited)",
					"@executable_path/Frameworks",
					"@loader_path/Frameworks",
				);
				PRODUCT_BUNDLE_IDENTIFIER = net.kymmt.SomariTests;
				PRODUCT_NAME = "$(TARGET_NAME)";
				SWIFT_VERSION = 5.0;
				TARGETED_DEVICE_FAMILY = "1,2";
				TEST_HOST = "$(BUILT_PRODUCTS_DIR)/Somari.app/Somari";
			};
			name = Release;
		};
		023ECF1F233BB13F009F6DD6 /* Debug */ = {
			isa = XCBuildConfiguration;
			baseConfigurationReference = 6290992DA8BF40D9DB7B0DEC /* Pods-Somari-SomariUITests.debug.xcconfig */;
			buildSettings = {
				ALWAYS_EMBED_SWIFT_STANDARD_LIBRARIES = YES;
				CODE_SIGN_STYLE = Automatic;
				INFOPLIST_FILE = SomariUITests/Info.plist;
				LD_RUNPATH_SEARCH_PATHS = (
					"$(inherited)",
					"@executable_path/Frameworks",
					"@loader_path/Frameworks",
				);
				PRODUCT_BUNDLE_IDENTIFIER = net.kymmt.SomariUITests;
				PRODUCT_NAME = "$(TARGET_NAME)";
				SWIFT_VERSION = 5.0;
				TARGETED_DEVICE_FAMILY = "1,2";
				TEST_TARGET_NAME = Somari;
			};
			name = Debug;
		};
		023ECF20233BB13F009F6DD6 /* Release */ = {
			isa = XCBuildConfiguration;
			baseConfigurationReference = 6E910118ECC1483154530BBE /* Pods-Somari-SomariUITests.release.xcconfig */;
			buildSettings = {
				ALWAYS_EMBED_SWIFT_STANDARD_LIBRARIES = YES;
				CODE_SIGN_STYLE = Automatic;
				INFOPLIST_FILE = SomariUITests/Info.plist;
				LD_RUNPATH_SEARCH_PATHS = (
					"$(inherited)",
					"@executable_path/Frameworks",
					"@loader_path/Frameworks",
				);
				PRODUCT_BUNDLE_IDENTIFIER = net.kymmt.SomariUITests;
				PRODUCT_NAME = "$(TARGET_NAME)";
				SWIFT_VERSION = 5.0;
				TARGETED_DEVICE_FAMILY = "1,2";
				TEST_TARGET_NAME = Somari;
			};
			name = Release;
		};
/* End XCBuildConfiguration section */

/* Begin XCConfigurationList section */
		023ECEE9233BB13D009F6DD6 /* Build configuration list for PBXProject "Somari" */ = {
			isa = XCConfigurationList;
			buildConfigurations = (
				023ECF16233BB13F009F6DD6 /* Debug */,
				023ECF17233BB13F009F6DD6 /* Release */,
			);
			defaultConfigurationIsVisible = 0;
			defaultConfigurationName = Release;
		};
		023ECF18233BB13F009F6DD6 /* Build configuration list for PBXNativeTarget "Somari" */ = {
			isa = XCConfigurationList;
			buildConfigurations = (
				023ECF19233BB13F009F6DD6 /* Debug */,
				023ECF1A233BB13F009F6DD6 /* Release */,
			);
			defaultConfigurationIsVisible = 0;
			defaultConfigurationName = Release;
		};
		023ECF1B233BB13F009F6DD6 /* Build configuration list for PBXNativeTarget "SomariTests" */ = {
			isa = XCConfigurationList;
			buildConfigurations = (
				023ECF1C233BB13F009F6DD6 /* Debug */,
				023ECF1D233BB13F009F6DD6 /* Release */,
			);
			defaultConfigurationIsVisible = 0;
			defaultConfigurationName = Release;
		};
		023ECF1E233BB13F009F6DD6 /* Build configuration list for PBXNativeTarget "SomariUITests" */ = {
			isa = XCConfigurationList;
			buildConfigurations = (
				023ECF1F233BB13F009F6DD6 /* Debug */,
				023ECF20233BB13F009F6DD6 /* Release */,
			);
			defaultConfigurationIsVisible = 0;
			defaultConfigurationName = Release;
		};
/* End XCConfigurationList section */

/* Begin XCRemoteSwiftPackageReference section */
		026534B723487E1600F753DA /* XCRemoteSwiftPackageReference "swift-log" */ = {
			isa = XCRemoteSwiftPackageReference;
			repositoryURL = "https://github.com/apple/swift-log";
			requirement = {
				kind = upToNextMajorVersion;
				minimumVersion = 1.1.1;
			};
		};
/* End XCRemoteSwiftPackageReference section */

/* Begin XCSwiftPackageProductDependency section */
		026534B823487E1600F753DA /* Logging */ = {
			isa = XCSwiftPackageProductDependency;
			package = 026534B723487E1600F753DA /* XCRemoteSwiftPackageReference "swift-log" */;
			productName = Logging;
		};
/* End XCSwiftPackageProductDependency section */
	};
	rootObject = 023ECEE6233BB13D009F6DD6 /* Project object */;
}
